
Microsoft Visual Studio Solution File, Format Version 12.00
# Visual Studio Version 17
VisualStudioVersion = 17.8.34316.72
MinimumVisualStudioVersion = 10.0.40219.1
Project("{FAE04EC0-301F-11D3-BF4B-00C04F79EFBC}") = "ProjetoCSharp", "ProjetoCSharp.csproj", "{5AE40941-6655-4287-A387-FB3EE25A40C3}"
EndProject
Global
	GlobalSection(SolutionConfigurationPlatforms) = preSolution
		Debug|Any CPU = Debug|Any CPU
		Release|Any CPU = Release|Any CPU
	EndGlobalSection
	GlobalSection(ProjectConfigurationPlatforms) = postSolution
		{5AE40941-6655-4287-A387-FB3EE25A40C3}.Debug|Any CPU.ActiveCfg = Debug|Any CPU
		{5AE40941-6655-4287-A387-FB3EE25A40C3}.Debug|Any CPU.Build.0 = Debug|Any CPU
		{5AE40941-6655-4287-A387-FB3EE25A40C3}.Release|Any CPU.ActiveCfg = Release|Any CPU
		{5AE40941-6655-4287-A387-FB3EE25A40C3}.Release|Any CPU.Build.0 = Release|Any CPU
	EndGlobalSection
	GlobalSection(SolutionProperties) = preSolution
		HideSolutionNode = FALSE
	EndGlobalSection
	GlobalSection(ExtensibilityGlobals) = postSolution
		SolutionGuid = {FD84FC36-2EDD-4053-858F-D8102DB18C36}
	EndGlobalSection
EndGlobal
